periph.io/x/conn/v3 v3.7.2 h1:qt9dE6XGP5ljbFnCKRJ9OOCoiOyBGlw7JZgoi72zZ1s=
periph.io/x/conn/v3 v3.7.2/go.mod h1:Ao0b4sFRo4QOx6c1tROJU1fLJN1hUIYggjOrkIVnpGg=
periph.io/x/devices/v3 v3.7.3 h1:N/mTFOwDoelfrPgVvN/6ZNCM++ym6GUYBMaTlh3ljKI=
periph.io/x/devices/v3 v3.7.3/go.mod h1:y1T7FtIcs8nYQZG2a8wglb8APSOH+UHZIsh19EBjsqc=
periph.io/x/host/v3 v3.8.3 h1:v90ozCFDWgEyfNElZ+JnOvq0jAdW0vmgjCUy8dYXDds=
periph.io/x/host/v3 v3.8.3/go.mod h1:uKrIpfXjELwHkwGBNe6aos//XiQ/3uxDa1P2BmLV6Ok=
